
Microsoft Visual Studio Solution File, Format Version 12.00
# Visual Studio Version 16
VisualStudioVersion = 16.0.31729.503
MinimumVisualStudioVersion = 10.0.40219.1
Project("{8BC9CEB8-8B4A-11D0-8D11-00A0C91BC942}") = "Timus_1005", "Timus_1005\Timus_1005.vcxproj", "{0723BB30-E126-4003-8CB8-8CEE4D2745CB}"
EndProject
Global
	GlobalSection(SolutionConfigurationPlatforms) = preSolution
		Debug|x64 = Debug|x64
		Debug|x86 = Debug|x86
		Release|x64 = Release|x64
		Release|x86 = Release|x86
	EndGlobalSection
	GlobalSection(ProjectConfigurationPlatforms) = postSolution
		{0723BB30-E126-4003-8CB8-8CEE4D2745CB}.Debug|x64.ActiveCfg = Debug|x64
		{0723BB30-E126-4003-8CB8-8CEE4D2745CB}.Debug|x64.Build.0 = Debug|x64
		{0723BB30-E126-4003-8CB8-8CEE4D2745CB}.Debug|x86.ActiveCfg = Debug|Win32
		{0723BB30-E126-4003-8CB8-8CEE4D2745CB}.Debug|x86.Build.0 = Debug|Win32
		{0723BB30-E126-4003-8CB8-8CEE4D2745CB}.Release|x64.ActiveCfg = Release|x64
		{0723BB30-E126-4003-8CB8-8CEE4D2745CB}.Release|x64.Build.0 = Release|x64
		{0723BB30-E126-4003-8CB8-8CEE4D2745CB}.Release|x86.ActiveCfg = Release|Win32
		{0723BB30-E126-4003-8CB8-8CEE4D2745CB}.Release|x86.Build.0 = Release|Win32
	EndGlobalSection
	GlobalSection(SolutionProperties) = preSolution
		HideSolutionNode = FALSE
	EndGlobalSection
	GlobalSection(ExtensibilityGlobals) = postSolution
		SolutionGuid = {F032B978-E8E2-46A5-96EB-3C4D64ED0AD1}
	EndGlobalSection
EndGlobal
